
Microsoft Visual Studio Solution File, Format Version 12.00
# Visual Studio Version 17
VisualStudioVersion = 17.14.36301.6
MinimumVisualStudioVersion = 10.0.40219.1
Project("{2150E333-8FDC-42A3-9474-1A3956D46DE8}") = "Services", "Services", "{02EA681E-C7D8-13C7-8484-4AC65E1B71E8}"
EndProject
Project("{2150E333-8FDC-42A3-9474-1A3956D46DE8}") = "Catalog", "Catalog", "{0E10110A-E463-4C62-A158-20614CC90E59}"
EndProject
Project("{FAE04EC0-301F-11D3-BF4B-00C04F79EFBC}") = "Catalog.API", "Services\Catalog\Catalog.API\Catalog.API.csproj", "{A3DE1453-C275-4A8E-99DB-D24A5C9D6334}"
EndProject
Project("{2150E333-8FDC-42A3-9474-1A3956D46DE8}") = "BuildingBlocks", "BuildingBlocks", "{1A831C2A-F3CE-4CE7-891F-BE29E798E236}"
EndProject
Project("{FAE04EC0-301F-11D3-BF4B-00C04F79EFBC}") = "BuildingBlocks", "BuildingBlocks\BuildingBlocks\BuildingBlocks.csproj", "{0110BFDD-1B19-4E38-B0CA-F8A103EB862F}"
EndProject
Project("{E53339B2-1760-4266-BCC7-CA923CBCF16C}") = "docker-compose", "docker-compose.dcproj", "{81DDED9D-158B-E303-5F62-77A2896D2A5A}"
EndProject
Project("{2150E333-8FDC-42A3-9474-1A3956D46DE8}") = "Basket", "Basket", "{189A0B32-5F65-48B7-92B1-3AAD8916DCF8}"
EndProject
Project("{FAE04EC0-301F-11D3-BF4B-00C04F79EFBC}") = "Basket.API", "Services\Basket\Basket.API\Basket.API.csproj", "{06FA8DC3-2D79-4A4E-A4FE-B7705D84E606}"
EndProject
Project("{2150E333-8FDC-42A3-9474-1A3956D46DE8}") = "Discount", "Discount", "{AEE39AF4-215F-4804-8D32-26216A31A422}"
EndProject
Project("{FAE04EC0-301F-11D3-BF4B-00C04F79EFBC}") = "Discount.Grpc", "Services\Discount\Discount.Grpc\Discount.Grpc.csproj", "{33DDD7F3-4FCA-4E9D-936A-4C1C3FD79C25}"
EndProject
Project("{2150E333-8FDC-42A3-9474-1A3956D46DE8}") = "Ordering", "Ordering", "{22C8DF80-CD91-47B9-AF89-69B191534CC2}"
EndProject
Project("{FAE04EC0-301F-11D3-BF4B-00C04F79EFBC}") = "Ordering.API", "Services\Ordering\Ordering.API\Ordering.API.csproj", "{248EA5BF-7A86-4D75-9B5D-86EFBE8D1017}"
EndProject
Project("{FAE04EC0-301F-11D3-BF4B-00C04F79EFBC}") = "Ordering.Domain", "Services\Ordering\Ordering.Domain\Ordering.Domain.csproj", "{877FB018-3389-43F2-891F-9723BDC5CF6C}"
EndProject
Project("{FAE04EC0-301F-11D3-BF4B-00C04F79EFBC}") = "Ordering.Application", "Services\Ordering\Ordering.Application\Ordering.Application.csproj", "{577D4F23-F363-4F0A-A2A7-E97CCAD46506}"
EndProject
Project("{FAE04EC0-301F-11D3-BF4B-00C04F79EFBC}") = "Ordering.Infrastructure", "Services\Ordering\Ordering.Infrastructure\Ordering.Infrastructure.csproj", "{3185397B-E274-4513-B8B6-C353A6F5754C}"
EndProject
Project("{FAE04EC0-301F-11D3-BF4B-00C04F79EFBC}") = "BuildingBlocks.Messaging", "BuildingBlocks\BuildingBlocks.Messaging\BuildingBlocks.Messaging.csproj", "{083E2C46-780F-4246-9982-7E18DBDAEB95}"
EndProject
Project("{2150E333-8FDC-42A3-9474-1A3956D46DE8}") = "ApiGateways", "ApiGateways", "{D20C81CB-0F5C-46A1-B63E-4750235BADDF}"
EndProject
Project("{FAE04EC0-301F-11D3-BF4B-00C04F79EFBC}") = "YarpApiGateway", "YarpApiGateways\YarpApiGateway\YarpApiGateway.csproj", "{6213E8BE-8C12-4BD5-B78E-88660D323327}"
EndProject
Global
	GlobalSection(SolutionConfigurationPlatforms) = preSolution
		Debug|Any CPU = Debug|Any CPU
		Release|Any CPU = Release|Any CPU
	EndGlobalSection
	GlobalSection(ProjectConfigurationPlatforms) = postSolution
		{A3DE1453-C275-4A8E-99DB-D24A5C9D6334}.Debug|Any CPU.ActiveCfg = Debug|Any CPU
		{A3DE1453-C275-4A8E-99DB-D24A5C9D6334}.Debug|Any CPU.Build.0 = Debug|Any CPU
		{A3DE1453-C275-4A8E-99DB-D24A5C9D6334}.Release|Any CPU.ActiveCfg = Release|Any CPU
		{A3DE1453-C275-4A8E-99DB-D24A5C9D6334}.Release|Any CPU.Build.0 = Release|Any CPU
		{0110BFDD-1B19-4E38-B0CA-F8A103EB862F}.Debug|Any CPU.ActiveCfg = Debug|Any CPU
		{0110BFDD-1B19-4E38-B0CA-F8A103EB862F}.Debug|Any CPU.Build.0 = Debug|Any CPU
		{0110BFDD-1B19-4E38-B0CA-F8A103EB862F}.Release|Any CPU.ActiveCfg = Release|Any CPU
		{0110BFDD-1B19-4E38-B0CA-F8A103EB862F}.Release|Any CPU.Build.0 = Release|Any CPU
		{81DDED9D-158B-E303-5F62-77A2896D2A5A}.Debug|Any CPU.ActiveCfg = Debug|Any CPU
		{81DDED9D-158B-E303-5F62-77A2896D2A5A}.Debug|Any CPU.Build.0 = Debug|Any CPU
		{81DDED9D-158B-E303-5F62-77A2896D2A5A}.Release|Any CPU.ActiveCfg = Release|Any CPU
		{81DDED9D-158B-E303-5F62-77A2896D2A5A}.Release|Any CPU.Build.0 = Release|Any CPU
		{06FA8DC3-2D79-4A4E-A4FE-B7705D84E606}.Debug|Any CPU.ActiveCfg = Debug|Any CPU
		{06FA8DC3-2D79-4A4E-A4FE-B7705D84E606}.Debug|Any CPU.Build.0 = Debug|Any CPU
		{06FA8DC3-2D79-4A4E-A4FE-B7705D84E606}.Release|Any CPU.ActiveCfg = Release|Any CPU
		{06FA8DC3-2D79-4A4E-A4FE-B7705D84E606}.Release|Any CPU.Build.0 = Release|Any CPU
		{33DDD7F3-4FCA-4E9D-936A-4C1C3FD79C25}.Debug|Any CPU.ActiveCfg = Debug|Any CPU
		{33DDD7F3-4FCA-4E9D-936A-4C1C3FD79C25}.Debug|Any CPU.Build.0 = Debug|Any CPU
		{33DDD7F3-4FCA-4E9D-936A-4C1C3FD79C25}.Release|Any CPU.ActiveCfg = Release|Any CPU
		{33DDD7F3-4FCA-4E9D-936A-4C1C3FD79C25}.Release|Any CPU.Build.0 = Release|Any CPU
		{248EA5BF-7A86-4D75-9B5D-86EFBE8D1017}.Debug|Any CPU.ActiveCfg = Debug|Any CPU
		{248EA5BF-7A86-4D75-9B5D-86EFBE8D1017}.Debug|Any CPU.Build.0 = Debug|Any CPU
		{248EA5BF-7A86-4D75-9B5D-86EFBE8D1017}.Release|Any CPU.ActiveCfg = Release|Any CPU
		{248EA5BF-7A86-4D75-9B5D-86EFBE8D1017}.Release|Any CPU.Build.0 = Release|Any CPU
		{877FB018-3389-43F2-891F-9723BDC5CF6C}.Debug|Any CPU.ActiveCfg = Debug|Any CPU
		{877FB018-3389-43F2-891F-9723BDC5CF6C}.Debug|Any CPU.Build.0 = Debug|Any CPU
		{877FB018-3389-43F2-891F-9723BDC5CF6C}.Release|Any CPU.ActiveCfg = Release|Any CPU
		{877FB018-3389-43F2-891F-9723BDC5CF6C}.Release|Any CPU.Build.0 = Release|Any CPU
		{577D4F23-F363-4F0A-A2A7-E97CCAD46506}.Debug|Any CPU.ActiveCfg = Debug|Any CPU
		{577D4F23-F363-4F0A-A2A7-E97CCAD46506}.Debug|Any CPU.Build.0 = Debug|Any CPU
		{577D4F23-F363-4F0A-A2A7-E97CCAD46506}.Release|Any CPU.ActiveCfg = Release|Any CPU
		{577D4F23-F363-4F0A-A2A7-E97CCAD46506}.Release|Any CPU.Build.0 = Release|Any CPU
		{3185397B-E274-4513-B8B6-C353A6F5754C}.Debug|Any CPU.ActiveCfg = Debug|Any CPU
		{3185397B-E274-4513-B8B6-C353A6F5754C}.Debug|Any CPU.Build.0 = Debug|Any CPU
		{3185397B-E274-4513-B8B6-C353A6F5754C}.Release|Any CPU.ActiveCfg = Release|Any CPU
		{3185397B-E274-4513-B8B6-C353A6F5754C}.Release|Any CPU.Build.0 = Release|Any CPU
		{083E2C46-780F-4246-9982-7E18DBDAEB95}.Debug|Any CPU.ActiveCfg = Debug|Any CPU
		{083E2C46-780F-4246-9982-7E18DBDAEB95}.Debug|Any CPU.Build.0 = Debug|Any CPU
		{083E2C46-780F-4246-9982-7E18DBDAEB95}.Release|Any CPU.ActiveCfg = Release|Any CPU
		{083E2C46-780F-4246-9982-7E18DBDAEB95}.Release|Any CPU.Build.0 = Release|Any CPU
		{6213E8BE-8C12-4BD5-B78E-88660D323327}.Debug|Any CPU.ActiveCfg = Debug|Any CPU
		{6213E8BE-8C12-4BD5-B78E-88660D323327}.Debug|Any CPU.Build.0 = Debug|Any CPU
		{6213E8BE-8C12-4BD5-B78E-88660D323327}.Release|Any CPU.ActiveCfg = Release|Any CPU
		{6213E8BE-8C12-4BD5-B78E-88660D323327}.Release|Any CPU.Build.0 = Release|Any CPU
	EndGlobalSection
	GlobalSection(SolutionProperties) = preSolution
		HideSolutionNode = FALSE
	EndGlobalSection
	GlobalSection(NestedProjects) = preSolution
		{0E10110A-E463-4C62-A158-20614CC90E59} = {02EA681E-C7D8-13C7-8484-4AC65E1B71E8}
		{A3DE1453-C275-4A8E-99DB-D24A5C9D6334} = {0E10110A-E463-4C62-A158-20614CC90E59}
		{0110BFDD-1B19-4E38-B0CA-F8A103EB862F} = {1A831C2A-F3CE-4CE7-891F-BE29E798E236}
		{189A0B32-5F65-48B7-92B1-3AAD8916DCF8} = {02EA681E-C7D8-13C7-8484-4AC65E1B71E8}
		{06FA8DC3-2D79-4A4E-A4FE-B7705D84E606} = {189A0B32-5F65-48B7-92B1-3AAD8916DCF8}
		{AEE39AF4-215F-4804-8D32-26216A31A422} = {02EA681E-C7D8-13C7-8484-4AC65E1B71E8}
		{33DDD7F3-4FCA-4E9D-936A-4C1C3FD79C25} = {AEE39AF4-215F-4804-8D32-26216A31A422}
		{22C8DF80-CD91-47B9-AF89-69B191534CC2} = {02EA681E-C7D8-13C7-8484-4AC65E1B71E8}
		{248EA5BF-7A86-4D75-9B5D-86EFBE8D1017} = {22C8DF80-CD91-47B9-AF89-69B191534CC2}
		{877FB018-3389-43F2-891F-9723BDC5CF6C} = {22C8DF80-CD91-47B9-AF89-69B191534CC2}
		{577D4F23-F363-4F0A-A2A7-E97CCAD46506} = {22C8DF80-CD91-47B9-AF89-69B191534CC2}
		{3185397B-E274-4513-B8B6-C353A6F5754C} = {22C8DF80-CD91-47B9-AF89-69B191534CC2}
		{083E2C46-780F-4246-9982-7E18DBDAEB95} = {1A831C2A-F3CE-4CE7-891F-BE29E798E236}
		{6213E8BE-8C12-4BD5-B78E-88660D323327} = {D20C81CB-0F5C-46A1-B63E-4750235BADDF}
	EndGlobalSection
	GlobalSection(ExtensibilityGlobals) = postSolution
		SolutionGuid = {26683278-2760-472A-86E9-17977C7E1828}
	EndGlobalSection
EndGlobal
